
Microsoft Visual Studio Solution File, Format Version 12.00
# Visual Studio Version 17
VisualStudioVersion = 17.10.35004.147
MinimumVisualStudioVersion = 10.0.40219.1
Project("{54A90642-561A-4BB1-A94E-469ADEE60C69}") = "ReactiveForm", "ReactiveForm.esproj", "{64E25905-CD66-4FB5-9226-50AC1F45F176}"
EndProject
Global
	GlobalSection(SolutionConfigurationPlatforms) = preSolution
		Debug|Any CPU = Debug|Any CPU
		Release|Any CPU = Release|Any CPU
	EndGlobalSection
	GlobalSection(ProjectConfigurationPlatforms) = postSolution
		{64E25905-CD66-4FB5-9226-50AC1F45F176}.Debug|Any CPU.ActiveCfg = Debug|Any CPU
		{64E25905-CD66-4FB5-9226-50AC1F45F176}.Debug|Any CPU.Build.0 = Debug|Any CPU
		{64E25905-CD66-4FB5-9226-50AC1F45F176}.Debug|Any CPU.Deploy.0 = Debug|Any CPU
		{64E25905-CD66-4FB5-9226-50AC1F45F176}.Release|Any CPU.ActiveCfg = Release|Any CPU
		{64E25905-CD66-4FB5-9226-50AC1F45F176}.Release|Any CPU.Build.0 = Release|Any CPU
		{64E25905-CD66-4FB5-9226-50AC1F45F176}.Release|Any CPU.Deploy.0 = Release|Any CPU
	EndGlobalSection
	GlobalSection(SolutionProperties) = preSolution
		HideSolutionNode = FALSE
	EndGlobalSection
	GlobalSection(ExtensibilityGlobals) = postSolution
		SolutionGuid = {1B5EFAD1-3302-4861-91E2-30FC0FA72F56}
	EndGlobalSection
EndGlobal
